
Microsoft Visual Studio Solution File, Format Version 12.00
# Visual Studio 2013
VisualStudioVersion = 12.0.31101.0
MinimumVisualStudioVersion = 10.0.40219.1
Project("{9092AA53-FB77-4645-B42D-1CCCA6BD08BD}") = "theThree", "theThree.njsproj", "{8B10C669-75C1-4D35-97F0-86F2DF17BF96}"
EndProject
Global
	GlobalSection(SolutionConfigurationPlatforms) = preSolution
		Debug|Any CPU = Debug|Any CPU
		Release|Any CPU = Release|Any CPU
	EndGlobalSection
	GlobalSection(ProjectConfigurationPlatforms) = postSolution
		{8B10C669-75C1-4D35-97F0-86F2DF17BF96}.Debug|Any CPU.ActiveCfg = Debug|Any CPU
		{8B10C669-75C1-4D35-97F0-86F2DF17BF96}.Debug|Any CPU.Build.0 = Debug|Any CPU
		{8B10C669-75C1-4D35-97F0-86F2DF17BF96}.Release|Any CPU.ActiveCfg = Release|Any CPU
		{8B10C669-75C1-4D35-97F0-86F2DF17BF96}.Release|Any CPU.Build.0 = Release|Any CPU
	EndGlobalSection
	GlobalSection(SolutionProperties) = preSolution
		HideSolutionNode = FALSE
	EndGlobalSection
EndGlobal
